Microsoft Visual Studio Solution File, Format Version 12.00
# Visual Studio Version 16
VisualStudioVersion = 16.0.0.0
MinimumVisualStudioVersion = 16.0.0.0
Project("{9A19103F-16F7-4668-BE54-9A1E7A4F7556}") = "BlazorWasm.Server", "Server\BlazorWasm.Server.csproj", "{EFFBE146-5F20-407A-B01B-C80D51C43861}"
EndProject
Project("{9A19103F-16F7-4668-BE54-9A1E7A4F7556}") = "BlazorWasm.Client", "Client\BlazorWasm.Client.csproj", "{B21E5013-1D4C-45E9-A8C2-7E6E6AAA17C1}"
EndProject
Project("{9A19103F-16F7-4668-BE54-9A1E7A4F7556}") = "BlazorWasm.Shared", "Shared\BlazorWasm.Shared.csproj", "{D1ED5F0E-D170-4DEA-8B75-5F92DC3CE72B}"
EndProject
Global
	GlobalSection(SolutionConfigurationPlatforms) = preSolution
		Debug|Any CPU = Debug|Any CPU
		Debug|x64 = Debug|x64
		Debug|x86 = Debug|x86
		Release|Any CPU = Release|Any CPU
		Release|x64 = Release|x64
		Release|x86 = Release|x86
	EndGlobalSection
	GlobalSection(ProjectConfigurationPlatforms) = postSolution
		{B21E5013-1D4C-45E9-A8C2-7E6E6AAA17C1}.Debug|Any CPU.ActiveCfg = Debug|Any CPU
		{B21E5013-1D4C-45E9-A8C2-7E6E6AAA17C1}.Debug|Any CPU.Build.0 = Debug|Any CPU
		{B21E5013-1D4C-45E9-A8C2-7E6E6AAA17C1}.Debug|x64.ActiveCfg = Debug|Any CPU
		{B21E5013-1D4C-45E9-A8C2-7E6E6AAA17C1}.Debug|x64.Build.0 = Debug|Any CPU
		{B21E5013-1D4C-45E9-A8C2-7E6E6AAA17C1}.Debug|x86.ActiveCfg = Debug|Any CPU
		{B21E5013-1D4C-45E9-A8C2-7E6E6AAA17C1}.Debug|x86.Build.0 = Debug|Any CPU
		{B21E5013-1D4C-45E9-A8C2-7E6E6AAA17C1}.Release|Any CPU.ActiveCfg = Release|Any CPU
		{B21E5013-1D4C-45E9-A8C2-7E6E6AAA17C1}.Release|Any CPU.Build.0 = Release|Any CPU
		{B21E5013-1D4C-45E9-A8C2-7E6E6AAA17C1}.Release|x64.ActiveCfg = Release|Any CPU
		{B21E5013-1D4C-45E9-A8C2-7E6E6AAA17C1}.Release|x64.Build.0 = Release|Any CPU
		{B21E5013-1D4C-45E9-A8C2-7E6E6AAA17C1}.Release|x86.ActiveCfg = Release|Any CPU
		{B21E5013-1D4C-45E9-A8C2-7E6E6AAA17C1}.Release|x86.Build.0 = Release|Any CPU
		{EFFBE146-5F20-407A-B01B-C80D51C43861}.Debug|Any CPU.ActiveCfg = Debug|Any CPU
		{EFFBE146-5F20-407A-B01B-C80D51C43861}.Debug|Any CPU.Build.0 = Debug|Any CPU
		{EFFBE146-5F20-407A-B01B-C80D51C43861}.Debug|x64.ActiveCfg = Debug|Any CPU
		{EFFBE146-5F20-407A-B01B-C80D51C43861}.Debug|x64.Build.0 = Debug|Any CPU
		{EFFBE146-5F20-407A-B01B-C80D51C43861}.Debug|x86.ActiveCfg = Debug|Any CPU
		{EFFBE146-5F20-407A-B01B-C80D51C43861}.Debug|x86.Build.0 = Debug|Any CPU
		{EFFBE146-5F20-407A-B01B-C80D51C43861}.Release|Any CPU.ActiveCfg = Release|Any CPU
		{EFFBE146-5F20-407A-B01B-C80D51C43861}.Release|Any CPU.Build.0 = Release|Any CPU
		{EFFBE146-5F20-407A-B01B-C80D51C43861}.Release|x64.ActiveCfg = Release|Any CPU
		{EFFBE146-5F20-407A-B01B-C80D51C43861}.Release|x64.Build.0 = Release|Any CPU
		{EFFBE146-5F20-407A-B01B-C80D51C43861}.Release|x86.ActiveCfg = Release|Any CPU
		{EFFBE146-5F20-407A-B01B-C80D51C43861}.Release|x86.Build.0 = Release|Any CPU
		{D1ED5F0E-D170-4DEA-8B75-5F92DC3CE72B}.Debug|Any CPU.ActiveCfg = Debug|Any CPU
		{D1ED5F0E-D170-4DEA-8B75-5F92DC3CE72B}.Debug|Any CPU.Build.0 = Debug|Any CPU
		{D1ED5F0E-D170-4DEA-8B75-5F92DC3CE72B}.Debug|x64.ActiveCfg = Debug|Any CPU
		{D1ED5F0E-D170-4DEA-8B75-5F92DC3CE72B}.Debug|x64.Build.0 = Debug|Any CPU
		{D1ED5F0E-D170-4DEA-8B75-5F92DC3CE72B}.Debug|x86.ActiveCfg = Debug|Any CPU
		{D1ED5F0E-D170-4DEA-8B75-5F92DC3CE72B}.Debug|x86.Build.0 = Debug|Any CPU
		{D1ED5F0E-D170-4DEA-8B75-5F92DC3CE72B}.Release|Any CPU.ActiveCfg = Release|Any CPU
		{D1ED5F0E-D170-4DEA-8B75-5F92DC3CE72B}.Release|Any CPU.Build.0 = Release|Any CPU
		{D1ED5F0E-D170-4DEA-8B75-5F92DC3CE72B}.Release|x64.ActiveCfg = Release|Any CPU
		{D1ED5F0E-D170-4DEA-8B75-5F92DC3CE72B}.Release|x64.Build.0 = Release|Any CPU
		{D1ED5F0E-D170-4DEA-8B75-5F92DC3CE72B}.Release|x86.ActiveCfg = Release|Any CPU
		{D1ED5F0E-D170-4DEA-8B75-5F92DC3CE72B}.Release|x86.Build.0 = Release|Any CPU
	EndGlobalSection
	GlobalSection(SolutionProperties) = preSolution
		HideSolutionNode = FALSE
	EndGlobalSection
	GlobalSection(ExtensibilityGlobals) = postSolution
		SolutionGuid = {86EA8CC1-A7C6-43DD-B602-F1A3ABAD77CC}
	EndGlobalSection
EndGlobal